PODS:
  - Alamofire (4.4.0)
  - CryptoSwift (0.6.9)
  - Firebase/Core (4.0.1):
    - FirebaseAnalytics (= 4.0.0)
    - FirebaseCore (= 4.0.1)
  - Firebase/Messaging (4.0.1):
    - Firebase/Core
    - FirebaseMessaging (= 2.0.0)
  - FirebaseAnalytics (4.0.0):
    - FirebaseCore (~> 4.0)
    - FirebaseInstanceID (~> 2.0)
    - GoogleToolboxForMac/NSData+zlib (~> 2.1)
  - FirebaseCore (4.0.1):
    - GoogleToolboxForMac/NSData+zlib (~> 2.1)
  - FirebaseInstanceID (2.0.0):
    - FirebaseCore (~> 4.0)
  - FirebaseMessaging (2.0.0):
    - FirebaseAnalytics (~> 4.0)
    - FirebaseCore (~> 4.0)
    - FirebaseInstanceID (~> 2.0)
    - GoogleToolboxForMac/Logger (~> 2.1)
    - Protobuf (~> 3.1)
  - GoogleMaps (2.3.0):
    - GoogleMaps/Maps (= 2.3.0)
  - GoogleMaps/Base (2.3.0)
  - GoogleMaps/Maps (2.3.0):
    - GoogleMaps/Base
  - GooglePlaces (2.3.0):
    - GoogleMaps/Base (= 2.3.0)
  - GoogleToolboxForMac/Defines (2.1.1)
  - GoogleToolboxForMac/Logger (2.1.1):
    - GoogleToolboxForMac/Defines (= 2.1.1)
  - GoogleToolboxForMac/NSData+zlib (2.1.1):
    - GoogleToolboxForMac/Defines (= 2.1.1)
  - Protobuf (3.3.0)
  - SCLAlertView (0.7.0)
  - SideMenu (2.3.2)
  - Socket.IO-Client-Swift (10.0.0)
  - SwiftyJSON (3.1.4)

DEPENDENCIES:
  - Alamofire
  - CryptoSwift
  - Firebase/Core
  - Firebase/Messaging
  - GoogleMaps
  - GooglePlaces
  - SCLAlertView
  - SideMenu
  - Socket.IO-Client-Swift
  - SwiftyJSON

SPEC CHECKSUMS:
  Alamofire: dc44b1600b800eb63da6a19039a0083d62a6a62d
  CryptoSwift: a22f6ba238e9ce4d26ee7bf45b9ed82e7122d4a0
  Firebase: f984cd44a160be77ad0590f432e574562bfd4083
  FirebaseAnalytics: 6f08e746f7d66f5452931bc2e822b5df9c66b64a
  FirebaseCore: 06172c5a0744ab3dd14f778fd666c22855e20098
  FirebaseInstanceID: 9fbf536668f4d3f0880e7438456dabd1376e294b
  FirebaseMessaging: 227406c05b0dc9290702d2e9f18ab5528f0c2cf2
  GoogleMaps: 340a6a0bebd17c2db8abcd3921976c7c53c86cb8
  GooglePlaces: 74d322c74184ea4576184089b496d291cf0dcd38
  GoogleToolboxForMac: 8e329f1b599f2512c6b10676d45736bcc2cbbeb0
  Protobuf: d582fecf68201eac3d79ed61369ef45734394b9c
  SCLAlertView: 8a14ffc40590c619e183eed2298b854385f30be1
  SideMenu: 3fa07dd05d4bade2b6f9889fb1877e312e1ba319
  Socket.IO-Client-Swift: 9c5b4e5e76e30e1b9a1804c40e11dad0a002b1a4
  SwiftyJSON: c2842d878f95482ffceec5709abc3d05680c0220

PODFILE CHECKSUM: f0d84f02f896dc3b41a2b70c7ca77a1ad7305920

COCOAPODS: 1.2.1
