PODS:
  - GoogleMaps (2.3.0):
    - GoogleMaps/Maps (= 2.3.0)
  - GoogleMaps/Base (2.3.0)
  - GoogleMaps/Maps (2.3.0):
    - GoogleMaps/Base
  - GooglePlaces (2.3.0):
    - GoogleMaps/Base (= 2.3.0)
  - SideMenu (2.3.2)
  - Socket.IO-Client-Swift (10.0.0)

DEPENDENCIES:
  - GoogleMaps
  - GooglePlaces
  - SideMenu
  - Socket.IO-Client-Swift

SPEC CHECKSUMS:
  GoogleMaps: 340a6a0bebd17c2db8abcd3921976c7c53c86cb8
  GooglePlaces: 74d322c74184ea4576184089b496d291cf0dcd38
  SideMenu: 3fa07dd05d4bade2b6f9889fb1877e312e1ba319
  Socket.IO-Client-Swift: 9c5b4e5e76e30e1b9a1804c40e11dad0a002b1a4

PODFILE CHECKSUM: df5bb5c84fe2c8fb58f99eafc0cdefb4a85f20f7

COCOAPODS: 1.2.1
