// !$*UTF8*$!
{
	archiveVersion = 1;
	classes = {
	};
	objectVersion = 46;
	objects = {

/* Begin PBXBuildFile section */
		549B5DC284A1BE432C5C26E5 /* Pods_CarParking.framework in Frameworks */ = {isa = PBXBuildFile; fileRef = 38F8C6EA6400976375DCBD6C /* Pods_CarParking.framework */; };
		7892367D1F17DF4D009F3D83 /* SDKAPIKey.swift in Sources */ = {isa = PBXBuildFile; fileRef = 7892367C1F17DF4D009F3D83 /* SDKAPIKey.swift */; };
		78D668161F17EC7B00C464A6 /* Assets.xcassets in Resources */ = {isa = PBXBuildFile; fileRef = 78D668151F17EC7B00C464A6 /* Assets.xcassets */; };
		78D668181F18520300C464A6 /* LoginController.swift in Sources */ = {isa = PBXBuildFile; fileRef = 78D668171F18520300C464A6 /* LoginController.swift */; };
		78F515921F02010B0082CB6E /* AppDelegate.swift in Sources */ = {isa = PBXBuildFile; fileRef = 78F515911F02010B0082CB6E /* AppDelegate.swift */; };
		78F515971F02010B0082CB6E /* Main.storyboard in Resources */ = {isa = PBXBuildFile; fileRef = 78F515951F02010B0082CB6E /* Main.storyboard */; };
		78F5159C1F02010B0082CB6E /* LaunchScreen.storyboard in Resources */ = {isa = PBXBuildFile; fileRef = 78F5159A1F02010B0082CB6E /* LaunchScreen.storyboard */; };
		78F515A61F0204E90082CB6E /* ViewMapController.swift in Sources */ = {isa = PBXBuildFile; fileRef = 78F515A51F0204E90082CB6E /* ViewMapController.swift */; };
/* End PBXBuildFile section */

/* Begin PBXFileReference section */
		38F8C6EA6400976375DCBD6C /* Pods_CarParking.framework */ = {isa = PBXFileReference; explicitFileType = wrapper.framework; includeInIndex = 0; path = Pods_CarParking.framework; sourceTree = BUILT_PRODUCTS_DIR; };
		5FAFCFB385B3FA9AB43745E6 /* Pods-CarParking.debug.xcconfig */ = {isa = PBXFileReference; includeInIndex = 1; lastKnownFileType = text.xcconfig; name = "Pods-CarParking.debug.xcconfig"; path = "Pods/Target Support Files/Pods-CarParking/Pods-CarParking.debug.xcconfig"; sourceTree = "<group>"; };
		7892367C1F17DF4D009F3D83 /* SDKAPIKey.swift */ = {isa = PBXFileReference; fileEncoding = 4; lastKnownFileType = sourcecode.swift; path = SDKAPIKey.swift; sourceTree = "<group>"; };
		78D668151F17EC7B00C464A6 /* Assets.xcassets */ = {isa = PBXFileReference; lastKnownFileType = folder.assetcatalog; path = Assets.xcassets; sourceTree = "<group>"; };
		78D668171F18520300C464A6 /* LoginController.swift */ = {isa = PBXFileReference; fileEncoding = 4; lastKnownFileType = sourcecode.swift; path = LoginController.swift; sourceTree = "<group>"; };
		78F5158E1F02010B0082CB6E /* CarParking.app */ = {isa = PBXFileReference; explicitFileType = wrapper.application; includeInIndex = 0; path = CarParking.app; sourceTree = BUILT_PRODUCTS_DIR; };
		78F515911F02010B0082CB6E /* AppDelegate.swift */ = {isa = PBXFileReference; lastKnownFileType = sourcecode.swift; path = AppDelegate.swift; sourceTree = "<group>"; };
		78F515961F02010B0082CB6E /* Base */ = {isa = PBXFileReference; lastKnownFileType = file.storyboard; name = Base; path = Base.lproj/Main.storyboard; sourceTree = "<group>"; };
		78F5159B1F02010B0082CB6E /* Base */ = {isa = PBXFileReference; lastKnownFileType = file.storyboard; name = Base; path = Base.lproj/LaunchScreen.storyboard; sourceTree = "<group>"; };
		78F5159D1F02010B0082CB6E /* Info.plist */ = {isa = PBXFileReference; lastKnownFileType = text.plist.xml; path = Info.plist; sourceTree = "<group>"; };
		78F515A51F0204E90082CB6E /* ViewMapController.swift */ = {isa = PBXFileReference; fileEncoding = 4; lastKnownFileType = sourcecode.swift; path = ViewMapController.swift; sourceTree = "<group>"; };
		F75815B28DB2DBD8E343911B /* Pods-CarParking.release.xcconfig */ = {isa = PBXFileReference; includeInIndex = 1; lastKnownFileType = text.xcconfig; name = "Pods-CarParking.release.xcconfig"; path = "Pods/Target Support Files/Pods-CarParking/Pods-CarParking.release.xcconfig"; sourceTree = "<group>"; };
/* End PBXFileReference section */

/* Begin PBXFrameworksBuildPhase section */
		78F5158B1F02010B0082CB6E /* Frameworks */ = {
			isa = PBXFrameworksBuildPhase;
			buildActionMask = 2147483647;
			files = (
				549B5DC284A1BE432C5C26E5 /* Pods_CarParking.framework in Frameworks */,
			);
			runOnlyForDeploymentPostprocessing = 0;
		};
/* End PBXFrameworksBuildPhase section */

/* Begin PBXGroup section */
		1B48858AE2B27DF8891E41F4 /* Frameworks */ = {
			isa = PBXGroup;
			children = (
				38F8C6EA6400976375DCBD6C /* Pods_CarParking.framework */,
			);
			name = Frameworks;
			sourceTree = "<group>";
		};
		7892367B1F17C3FA009F3D83 /* Model */ = {
			isa = PBXGroup;
			children = (
			);
			name = Model;
			sourceTree = "<group>";
		};
		78D668191F18555400C464A6 /* CustomUI */ = {
			isa = PBXGroup;
			children = (
			);
			name = CustomUI;
			sourceTree = "<group>";
		};
		78D6681A1F18716000C464A6 /* Other */ = {
			isa = PBXGroup;
			children = (
				7892367C1F17DF4D009F3D83 /* SDKAPIKey.swift */,
			);
			name = Other;
			sourceTree = "<group>";
		};
		78F515851F02010B0082CB6E = {
			isa = PBXGroup;
			children = (
				78F515901F02010B0082CB6E /* CarParking */,
				78F5158F1F02010B0082CB6E /* Products */,
				7BBEF8036150E8527AD8895A /* Pods */,
				1B48858AE2B27DF8891E41F4 /* Frameworks */,
			);
			sourceTree = "<group>";
		};
		78F5158F1F02010B0082CB6E /* Products */ = {
			isa = PBXGroup;
			children = (
				78F5158E1F02010B0082CB6E /* CarParking.app */,
			);
			name = Products;
			sourceTree = "<group>";
		};
		78F515901F02010B0082CB6E /* CarParking */ = {
			isa = PBXGroup;
			children = (
				7892367B1F17C3FA009F3D83 /* Model */,
				78F515A41F0203F30082CB6E /* Controller */,
				78D668191F18555400C464A6 /* CustomUI */,
				78D6681A1F18716000C464A6 /* Other */,
				78F515911F02010B0082CB6E /* AppDelegate.swift */,
				78F515951F02010B0082CB6E /* Main.storyboard */,
				78D668151F17EC7B00C464A6 /* Assets.xcassets */,
				78F5159A1F02010B0082CB6E /* LaunchScreen.storyboard */,
				78F5159D1F02010B0082CB6E /* Info.plist */,
			);
			path = CarParking;
			sourceTree = "<group>";
		};
		78F515A41F0203F30082CB6E /* Controller */ = {
			isa = PBXGroup;
			children = (
				78F515A51F0204E90082CB6E /* ViewMapController.swift */,
				78D668171F18520300C464A6 /* LoginController.swift */,
			);
			name = Controller;
			sourceTree = "<group>";
		};
		7BBEF8036150E8527AD8895A /* Pods */ = {
			isa = PBXGroup;
			children = (
				5FAFCFB385B3FA9AB43745E6 /* Pods-CarParking.debug.xcconfig */,
				F75815B28DB2DBD8E343911B /* Pods-CarParking.release.xcconfig */,
			);
			name = Pods;
			sourceTree = "<group>";
		};
/* End PBXGroup section */

/* Begin PBXNativeTarget section */
		78F5158D1F02010B0082CB6E /* CarParking */ = {
			isa = PBXNativeTarget;
			buildConfigurationList = 78F515A01F02010B0082CB6E /* Build configuration list for PBXNativeTarget "CarParking" */;
			buildPhases = (
				0172C4777F036369B704D17B /* [CP] Check Pods Manifest.lock */,
				78F5158A1F02010B0082CB6E /* Sources */,
				78F5158B1F02010B0082CB6E /* Frameworks */,
				78F5158C1F02010B0082CB6E /* Resources */,
				749D9FFACBA3905F57856C4C /* [CP] Embed Pods Frameworks */,
				89DECD96D20E3EF3C346CDD9 /* [CP] Copy Pods Resources */,
			);
			buildRules = (
			);
			dependencies = (
			);
			name = CarParking;
			productName = CarParking;
			productReference = 78F5158E1F02010B0082CB6E /* CarParking.app */;
			productType = "com.apple.product-type.application";
		};
/* End PBXNativeTarget section */

/* Begin PBXProject section */
		78F515861F02010B0082CB6E /* Project object */ = {
			isa = PBXProject;
			attributes = {
				LastSwiftUpdateCheck = 0830;
				LastUpgradeCheck = 0830;
				ORGANIZATIONNAME = Bonz;
				TargetAttributes = {
					78F5158D1F02010B0082CB6E = {
						CreatedOnToolsVersion = 8.3.3;
						DevelopmentTeam = UV679KL6N4;
						ProvisioningStyle = Automatic;
					};
				};
			};
			buildConfigurationList = 78F515891F02010B0082CB6E /* Build configuration list for PBXProject "CarParking" */;
			compatibilityVersion = "Xcode 3.2";
			developmentRegion = English;
			hasScannedForEncodings = 0;
			knownRegions = (
				en,
				Base,
			);
			mainGroup = 78F515851F02010B0082CB6E;
			productRefGroup = 78F5158F1F02010B0082CB6E /* Products */;
			projectDirPath = "";
			projectRoot = "";
			targets = (
				78F5158D1F02010B0082CB6E /* CarParking */,
			);
		};
/* End PBXProject section */

/* Begin PBXResourcesBuildPhase section */
		78F5158C1F02010B0082CB6E /* Resources */ = {
			isa = PBXResourcesBuildPhase;
			buildActionMask = 2147483647;
			files = (
				78F5159C1F02010B0082CB6E /* LaunchScreen.storyboard in Resources */,
				78D668161F17EC7B00C464A6 /* Assets.xcassets in Resources */,
				78F515971F02010B0082CB6E /* Main.storyboard in Resources */,
			);
			runOnlyForDeploymentPostprocessing = 0;
		};
/* End PBXResourcesBuildPhase section */

/* Begin PBXShellScriptBuildPhase section */
		0172C4777F036369B704D17B /* [CP] Check Pods Manifest.lock */ = {
			isa = PBXShellScriptBuildPhase;
			buildActionMask = 2147483647;
			files = (
			);
			inputPaths = (
			);
			name = "[CP] Check Pods Manifest.lock";
			outputPaths = (
			);
			runOnlyForDeploymentPostprocessing = 0;
			shellPath = /bin/sh;
			shellScript = "diff \"${PODS_PODFILE_DIR_PATH}/Podfile.lock\" \"${PODS_ROOT}/Manifest.lock\" > /dev/null\nif [ $? != 0 ] ; then\n    # print error to STDERR\n    echo \"error: The sandbox is not in sync with the Podfile.lock. Run 'pod install' or update your CocoaPods installation.\" >&2\n    exit 1\nfi\n";
			showEnvVarsInLog = 0;
		};
		749D9FFACBA3905F57856C4C /* [CP] Embed Pods Frameworks */ = {
			isa = PBXShellScriptBuildPhase;
			buildActionMask = 2147483647;
			files = (
			);
			inputPaths = (
			);
			name = "[CP] Embed Pods Frameworks";
			outputPaths = (
			);
			runOnlyForDeploymentPostprocessing = 0;
			shellPath = /bin/sh;
			shellScript = "\"${SRCROOT}/Pods/Target Support Files/Pods-CarParking/Pods-CarParking-frameworks.sh\"\n";
			showEnvVarsInLog = 0;
		};
		89DECD96D20E3EF3C346CDD9 /* [CP] Copy Pods Resources */ = {
			isa = PBXShellScriptBuildPhase;
			buildActionMask = 2147483647;
			files = (
			);
			inputPaths = (
			);
			name = "[CP] Copy Pods Resources";
			outputPaths = (
			);
			runOnlyForDeploymentPostprocessing = 0;
			shellPath = /bin/sh;
			shellScript = "\"${SRCROOT}/Pods/Target Support Files/Pods-CarParking/Pods-CarParking-resources.sh\"\n";
			showEnvVarsInLog = 0;
		};
/* End PBXShellScriptBuildPhase section */

/* Begin PBXSourcesBuildPhase section */
		78F5158A1F02010B0082CB6E /* Sources */ = {
			isa = PBXSourcesBuildPhase;
			buildActionMask = 2147483647;
			files = (
				78F515921F02010B0082CB6E /* AppDelegate.swift in Sources */,
				78D668181F18520300C464A6 /* LoginController.swift in Sources */,
				7892367D1F17DF4D009F3D83 /* SDKAPIKey.swift in Sources */,
				78F515A61F0204E90082CB6E /* ViewMapController.swift in Sources */,
			);
			runOnlyForDeploymentPostprocessing = 0;
		};
/* End PBXSourcesBuildPhase section */

/* Begin PBXVariantGroup section */
		78F515951F02010B0082CB6E /* Main.storyboard */ = {
			isa = PBXVariantGroup;
			children = (
				78F515961F02010B0082CB6E /* Base */,
			);
			name = Main.storyboard;
			sourceTree = "<group>";
		};
		78F5159A1F02010B0082CB6E /* LaunchScreen.storyboard */ = {
			isa = PBXVariantGroup;
			children = (
				78F5159B1F02010B0082CB6E /* Base */,
			);
			name = LaunchScreen.storyboard;
			sourceTree = "<group>";
		};
/* End PBXVariantGroup section */

/* Begin XCBuildConfiguration section */
		78F5159E1F02010B0082CB6E /* Debug */ = {
			isa = XCBuildConfiguration;
			buildSettings = {
				ALWAYS_SEARCH_USER_PATHS = NO;
				CLANG_ANALYZER_NONNULL = YES;
				CLANG_ANALYZER_NUMBER_OBJECT_CONVERSION = YES_AGGRESSIVE;
				CLANG_CXX_LANGUAGE_STANDARD = "gnu++0x";
				CLANG_CXX_LIBRARY = "libc++";
				CLANG_ENABLE_MODULES = YES;
				CLANG_ENABLE_OBJC_ARC = YES;
				CLANG_WARN_BOOL_CONVERSION = YES;
				CLANG_WARN_CONSTANT_CONVERSION = YES;
				CLANG_WARN_DIRECT_OBJC_ISA_USAGE = YES_ERROR;
				CLANG_WARN_DOCUMENTATION_COMMENTS = YES;
				CLANG_WARN_EMPTY_BODY = YES;
				CLANG_WARN_ENUM_CONVERSION = YES;
				CLANG_WARN_INFINITE_RECURSION = YES;
				CLANG_WARN_INT_CONVERSION = YES;
				CLANG_WARN_OBJC_ROOT_CLASS = YES_ERROR;
				CLANG_WARN_SUSPICIOUS_MOVE = YES;
				CLANG_WARN_UNREACHABLE_CODE = YES;
				CLANG_WARN__DUPLICATE_METHOD_MATCH = YES;
				"CODE_SIGN_IDENTITY[sdk=iphoneos*]" = "iPhone Developer";
				COPY_PHASE_STRIP = NO;
				DEBUG_INFORMATION_FORMAT = dwarf;
				ENABLE_STRICT_OBJC_MSGSEND = YES;
				ENABLE_TESTABILITY = YES;
				GCC_C_LANGUAGE_STANDARD = gnu99;
				GCC_DYNAMIC_NO_PIC = NO;
				GCC_NO_COMMON_BLOCKS = YES;
				GCC_OPTIMIZATION_LEVEL = 0;
				GCC_PREPROCESSOR_DEFINITIONS = (
					"DEBUG=1",
					"$(inherited)",
				);
				GCC_WARN_64_TO_32_BIT_CONVERSION = YES;
				GCC_WARN_ABOUT_RETURN_TYPE = YES_ERROR;
				GCC_WARN_UNDECLARED_SELECTOR = YES;
				GCC_WARN_UNINITIALIZED_AUTOS = YES_AGGRESSIVE;
				GCC_WARN_UNUSED_FUNCTION = YES;
				GCC_WARN_UNUSED_VARIABLE = YES;
				IPHONEOS_DEPLOYMENT_TARGET = 10.3;
				MTL_ENABLE_DEBUG_INFO = YES;
				ONLY_ACTIVE_ARCH = YES;
				SDKROOT = iphoneos;
				SWIFT_ACTIVE_COMPILATION_CONDITIONS = DEBUG;
				SWIFT_OPTIMIZATION_LEVEL = "-Onone";
			};
			name = Debug;
		};
		78F5159F1F02010B0082CB6E /* Release */ = {
			isa = XCBuildConfiguration;
			buildSettings = {
				ALWAYS_SEARCH_USER_PATHS = NO;
				CLANG_ANALYZER_NONNULL = YES;
				CLANG_ANALYZER_NUMBER_OBJECT_CONVERSION = YES_AGGRESSIVE;
				CLANG_CXX_LANGUAGE_STANDARD = "gnu++0x";
				CLANG_CXX_LIBRARY = "libc++";
				CLANG_ENABLE_MODULES = YES;
				CLANG_ENABLE_OBJC_ARC = YES;
				CLANG_WARN_BOOL_CONVERSION = YES;
				CLANG_WARN_CONSTANT_CONVERSION = YES;
				CLANG_WARN_DIRECT_OBJC_ISA_USAGE = YES_ERROR;
				CLANG_WARN_DOCUMENTATION_COMMENTS = YES;
				CLANG_WARN_EMPTY_BODY = YES;
				CLANG_WARN_ENUM_CONVERSION = YES;
				CLANG_WARN_INFINITE_RECURSION = YES;
				CLANG_WARN_INT_CONVERSION = YES;
				CLANG_WARN_OBJC_ROOT_CLASS = YES_ERROR;
				CLANG_WARN_SUSPICIOUS_MOVE = YES;
				CLANG_WARN_UNREACHABLE_CODE = YES;
				CLANG_WARN__DUPLICATE_METHOD_MATCH = YES;
				"CODE_SIGN_IDENTITY[sdk=iphoneos*]" = "iPhone Developer";
				COPY_PHASE_STRIP = NO;
				DEBUG_INFORMATION_FORMAT = "dwarf-with-dsym";
				ENABLE_NS_ASSERTIONS = NO;
				ENABLE_STRICT_OBJC_MSGSEND = YES;
				GCC_C_LANGUAGE_STANDARD = gnu99;
				GCC_NO_COMMON_BLOCKS = YES;
				GCC_WARN_64_TO_32_BIT_CONVERSION = YES;
				GCC_WARN_ABOUT_RETURN_TYPE = YES_ERROR;
				GCC_WARN_UNDECLARED_SELECTOR = YES;
				GCC_WARN_UNINITIALIZED_AUTOS = YES_AGGRESSIVE;
				GCC_WARN_UNUSED_FUNCTION = YES;
				GCC_WARN_UNUSED_VARIABLE = YES;
				IPHONEOS_DEPLOYMENT_TARGET = 10.3;
				MTL_ENABLE_DEBUG_INFO = NO;
				SDKROOT = iphoneos;
				SWIFT_OPTIMIZATION_LEVEL = "-Owholemodule";
				VALIDATE_PRODUCT = YES;
			};
			name = Release;
		};
		78F515A11F02010B0082CB6E /* Debug */ = {
			isa = XCBuildConfiguration;
			baseConfigurationReference = 5FAFCFB385B3FA9AB43745E6 /* Pods-CarParking.debug.xcconfig */;
			buildSettings = {
				ASSETCATALOG_COMPILER_APPICON_NAME = AppIcon;
				"CODE_SIGN_IDENTITY[sdk=iphoneos*]" = "iPhone Developer";
				DEVELOPMENT_TEAM = UV679KL6N4;
				INFOPLIST_FILE = CarParking/Info.plist;
				LD_RUNPATH_SEARCH_PATHS = "$(inherited) @executable_path/Frameworks";
				PRODUCT_BUNDLE_IDENTIFIER = com.bonz.CarParking;
				PRODUCT_NAME = "$(TARGET_NAME)";
				PROVISIONING_PROFILE_SPECIFIER = "";
				SWIFT_VERSION = 3.0;
			};
			name = Debug;
		};
		78F515A21F02010B0082CB6E /* Release */ = {
			isa = XCBuildConfiguration;
			baseConfigurationReference = F75815B28DB2DBD8E343911B /* Pods-CarParking.release.xcconfig */;
			buildSettings = {
				ASSETCATALOG_COMPILER_APPICON_NAME = AppIcon;
				"CODE_SIGN_IDENTITY[sdk=iphoneos*]" = "iPhone Developer";
				DEVELOPMENT_TEAM = UV679KL6N4;
				INFOPLIST_FILE = CarParking/Info.plist;
				LD_RUNPATH_SEARCH_PATHS = "$(inherited) @executable_path/Frameworks";
				PRODUCT_BUNDLE_IDENTIFIER = com.bonz.CarParking;
				PRODUCT_NAME = "$(TARGET_NAME)";
				PROVISIONING_PROFILE_SPECIFIER = "";
				SWIFT_VERSION = 3.0;
			};
			name = Release;
		};
/* End XCBuildConfiguration section */

/* Begin XCConfigurationList section */
		78F515891F02010B0082CB6E /* Build configuration list for PBXProject "CarParking" */ = {
			isa = XCConfigurationList;
			buildConfigurations = (
				78F5159E1F02010B0082CB6E /* Debug */,
				78F5159F1F02010B0082CB6E /* Release */,
			);
			defaultConfigurationIsVisible = 0;
			defaultConfigurationName = Release;
		};
		78F515A01F02010B0082CB6E /* Build configuration list for PBXNativeTarget "CarParking" */ = {
			isa = XCConfigurationList;
			buildConfigurations = (
				78F515A11F02010B0082CB6E /* Debug */,
				78F515A21F02010B0082CB6E /* Release */,
			);
			defaultConfigurationIsVisible = 0;
			defaultConfigurationName = Release;
		};
/* End XCConfigurationList section */
	};
	rootObject = 78F515861F02010B0082CB6E /* Project object */;
}
